
Microsoft Visual Studio Solution File, Format Version 12.00
Project("{2150E333-8FDC-42A3-9474-1A3956D46DE8}") = "API", "API", "{366455B4-62D2-43A9-BD01-FD293568F443}"
EndProject
Project("{FAE04EC0-301F-11D3-BF4B-00C04F79EFBC}") = "Upnodo.Api", "src\Upnodo.Api\Upnodo.Api.csproj", "{B35CFA10-B72C-479B-BCDF-B13F0583C059}"
EndProject
Project("{FAE04EC0-301F-11D3-BF4B-00C04F79EFBC}") = "Upnodo.Domain", "src\Upnodo.Domain\Upnodo.Domain.csproj", "{C5B4A0FE-545E-4640-8212-8EAE66391770}"
EndProject
Project("{FAE04EC0-301F-11D3-BF4B-00C04F79EFBC}") = "Upnodo.Infrastructure", "src\Upnodo.Infrastructure\Upnodo.Infrastructure.csproj", "{B89AC6A4-E629-42E3-9DDD-11B02CEB7813}"
EndProject
Global
	GlobalSection(SolutionConfigurationPlatforms) = preSolution
		Debug|Any CPU = Debug|Any CPU
		Release|Any CPU = Release|Any CPU
	EndGlobalSection
	GlobalSection(ProjectConfigurationPlatforms) = postSolution
		{B35CFA10-B72C-479B-BCDF-B13F0583C059}.Debug|Any CPU.ActiveCfg = Debug|Any CPU
		{B35CFA10-B72C-479B-BCDF-B13F0583C059}.Debug|Any CPU.Build.0 = Debug|Any CPU
		{B35CFA10-B72C-479B-BCDF-B13F0583C059}.Release|Any CPU.ActiveCfg = Release|Any CPU
		{B35CFA10-B72C-479B-BCDF-B13F0583C059}.Release|Any CPU.Build.0 = Release|Any CPU
		{C5B4A0FE-545E-4640-8212-8EAE66391770}.Debug|Any CPU.ActiveCfg = Debug|Any CPU
		{C5B4A0FE-545E-4640-8212-8EAE66391770}.Debug|Any CPU.Build.0 = Debug|Any CPU
		{C5B4A0FE-545E-4640-8212-8EAE66391770}.Release|Any CPU.ActiveCfg = Release|Any CPU
		{C5B4A0FE-545E-4640-8212-8EAE66391770}.Release|Any CPU.Build.0 = Release|Any CPU
		{B89AC6A4-E629-42E3-9DDD-11B02CEB7813}.Debug|Any CPU.ActiveCfg = Debug|Any CPU
		{B89AC6A4-E629-42E3-9DDD-11B02CEB7813}.Debug|Any CPU.Build.0 = Debug|Any CPU
		{B89AC6A4-E629-42E3-9DDD-11B02CEB7813}.Release|Any CPU.ActiveCfg = Release|Any CPU
		{B89AC6A4-E629-42E3-9DDD-11B02CEB7813}.Release|Any CPU.Build.0 = Release|Any CPU
	EndGlobalSection
	GlobalSection(NestedProjects) = preSolution
		{B35CFA10-B72C-479B-BCDF-B13F0583C059} = {366455B4-62D2-43A9-BD01-FD293568F443}
		{C5B4A0FE-545E-4640-8212-8EAE66391770} = {366455B4-62D2-43A9-BD01-FD293568F443}
		{B89AC6A4-E629-42E3-9DDD-11B02CEB7813} = {366455B4-62D2-43A9-BD01-FD293568F443}
	EndGlobalSection
EndGlobal
